
Microsoft Visual Studio Solution File, Format Version 12.00
# Visual Studio Version 16
VisualStudioVersion = 16.0.29920.165
MinimumVisualStudioVersion = 10.0.40219.1
Project("{888888A0-9F3D-457C-B088-3A5042F75D52}") = "kody", "kody\kody.pyproj", "{98E93349-DBFE-486B-8187-D8D057CC52ED}"
EndProject
Global
	GlobalSection(SolutionConfigurationPlatforms) = preSolution
		Debug|Any CPU = Debug|Any CPU
		Release|Any CPU = Release|Any CPU
	EndGlobalSection
	GlobalSection(ProjectConfigurationPlatforms) = postSolution
		{98E93349-DBFE-486B-8187-D8D057CC52ED}.Debug|Any CPU.ActiveCfg = Debug|Any CPU
		{98E93349-DBFE-486B-8187-D8D057CC52ED}.Release|Any CPU.ActiveCfg = Release|Any CPU
	EndGlobalSection
	GlobalSection(SolutionProperties) = preSolution
		HideSolutionNode = FALSE
	EndGlobalSection
	GlobalSection(ExtensibilityGlobals) = postSolution
		SolutionGuid = {FA17A6DD-949B-4A59-82AC-8B4FF9D9078A}
	EndGlobalSection
EndGlobal
