
Microsoft Visual Studio Solution File, Format Version 12.00
# Visual Studio Version 16
VisualStudioVersion = 16.0.29920.165
MinimumVisualStudioVersion = 10.0.40219.1
Project("{888888A0-9F3D-457C-B088-3A5042F75D52}") = "liczby_miliard", "liczby_miliard\liczby_miliard.pyproj", "{F7144F76-727B-4E8D-BCD0-B5C507184006}"
EndProject
Global
	GlobalSection(SolutionConfigurationPlatforms) = preSolution
		Debug|Any CPU = Debug|Any CPU
		Release|Any CPU = Release|Any CPU
	EndGlobalSection
	GlobalSection(ProjectConfigurationPlatforms) = postSolution
		{F7144F76-727B-4E8D-BCD0-B5C507184006}.Debug|Any CPU.ActiveCfg = Debug|Any CPU
		{F7144F76-727B-4E8D-BCD0-B5C507184006}.Release|Any CPU.ActiveCfg = Release|Any CPU
	EndGlobalSection
	GlobalSection(SolutionProperties) = preSolution
		HideSolutionNode = FALSE
	EndGlobalSection
	GlobalSection(ExtensibilityGlobals) = postSolution
		SolutionGuid = {1BB267D1-A778-4F06-98CA-AFA951DE6549}
	EndGlobalSection
EndGlobal
